// !$*UTF8*$!
{
	archiveVersion = 1;
	classes = {
	};
	objectVersion = 50;
	objects = {

/* Begin PBXBuildFile section */
		3708240E245D0A8C0003E700 /* AppDelegate.swift in Sources */ = {isa = PBXBuildFile; fileRef = 3708240D245D0A8C0003E700 /* AppDelegate.swift */; };
		37082410245D0A8C0003E700 /* ViewController.swift in Sources */ = {isa = PBXBuildFile; fileRef = 3708240F245D0A8C0003E700 /* ViewController.swift */; };
		37082413245D0A8C0003E700 /* Main.storyboard in Resources */ = {isa = PBXBuildFile; fileRef = 37082411245D0A8C0003E700 /* Main.storyboard */; };
		37082415245D0A8F0003E700 /* Assets.xcassets in Resources */ = {isa = PBXBuildFile; fileRef = 37082414245D0A8F0003E700 /* Assets.xcassets */; };
		37082418245D0A8F0003E700 /* LaunchScreen.storyboard in Resources */ = {isa = PBXBuildFile; fileRef = 37082416245D0A8F0003E700 /* LaunchScreen.storyboard */; };
		3708241D245D0A8F0003E700 /* Project37 WatchKit App.app in Embed Watch Content */ = {isa = PBXBuildFile; fileRef = 3708241C245D0A8F0003E700 /* Project37 WatchKit App.app */; };
		37082423245D0A8F0003E700 /* Interface.storyboard in Resources */ = {isa = PBXBuildFile; fileRef = 37082421245D0A8F0003E700 /* Interface.storyboard */; };
		37082425245D0A8F0003E700 /* Assets.xcassets in Resources */ = {isa = PBXBuildFile; fileRef = 37082424245D0A8F0003E700 /* Assets.xcassets */; };
		3708242C245D0A900003E700 /* Project37 WatchKit Extension.appex in Embed App Extensions */ = {isa = PBXBuildFile; fileRef = 3708242B245D0A900003E700 /* Project37 WatchKit Extension.appex */; settings = {ATTRIBUTES = (RemoveHeadersOnCopy, ); }; };
		37082431245D0A900003E700 /* InterfaceController.swift in Sources */ = {isa = PBXBuildFile; fileRef = 37082430245D0A900003E700 /* InterfaceController.swift */; };
		37082433245D0A900003E700 /* ExtensionDelegate.swift in Sources */ = {isa = PBXBuildFile; fileRef = 37082432245D0A900003E700 /* ExtensionDelegate.swift */; };
		37082435245D0A900003E700 /* Assets.xcassets in Resources */ = {isa = PBXBuildFile; fileRef = 37082434245D0A900003E700 /* Assets.xcassets */; };
		37082447245D0B160003E700 /* PhantomFromSpace.mp3 in Resources */ = {isa = PBXBuildFile; fileRef = 37082445245D0B160003E700 /* PhantomFromSpace.mp3 */; };
		37082448245D0B160003E700 /* README.txt in Resources */ = {isa = PBXBuildFile; fileRef = 37082446245D0B160003E700 /* README.txt */; };
		3708244A245D12610003E700 /* CardViewController.swift in Sources */ = {isa = PBXBuildFile; fileRef = 37082449245D12610003E700 /* CardViewController.swift */; };
/* End PBXBuildFile section */

/* Begin PBXContainerItemProxy section */
		3708241E245D0A8F0003E700 /* PBXContainerItemProxy */ = {
			isa = PBXContainerItemProxy;
			containerPortal = 37082402245D0A8C0003E700 /* Project object */;
			proxyType = 1;
			remoteGlobalIDString = 3708241B245D0A8F0003E700;
			remoteInfo = "Project37 WatchKit App";
		};
		3708242D245D0A900003E700 /* PBXContainerItemProxy */ = {
			isa = PBXContainerItemProxy;
			containerPortal = 37082402245D0A8C0003E700 /* Project object */;
			proxyType = 1;
			remoteGlobalIDString = 3708242A245D0A900003E700;
			remoteInfo = "Project37 WatchKit Extension";
		};
/* End PBXContainerItemProxy section */

/* Begin PBXCopyFilesBuildPhase section */
		3708243C245D0A900003E700 /* Embed App Extensions */ = {
			isa = PBXCopyFilesBuildPhase;
			buildActionMask = 2147483647;
			dstPath = "";
			dstSubfolderSpec = 13;
			files = (
				3708242C245D0A900003E700 /* Project37 WatchKit Extension.appex in Embed App Extensions */,
			);
			name = "Embed App Extensions";
			runOnlyForDeploymentPostprocessing = 0;
		};
		37082440245D0A900003E700 /* Embed Watch Content */ = {
			isa = PBXCopyFilesBuildPhase;
			buildActionMask = 2147483647;
			dstPath = "$(CONTENTS_FOLDER_PATH)/Watch";
			dstSubfolderSpec = 16;
			files = (
				3708241D245D0A8F0003E700 /* Project37 WatchKit App.app in Embed Watch Content */,
			);
			name = "Embed Watch Content";
			runOnlyForDeploymentPostprocessing = 0;
		};
/* End PBXCopyFilesBuildPhase section */

/* Begin PBXFileReference section */
		3708240A245D0A8C0003E700 /* Project37.app */ = {isa = PBXFileReference; explicitFileType = wrapper.application; includeInIndex = 0; path = Project37.app; sourceTree = BUILT_PRODUCTS_DIR; };
		3708240D245D0A8C0003E700 /* AppDelegate.swift */ = {isa = PBXFileReference; lastKnownFileType = sourcecode.swift; path = AppDelegate.swift; sourceTree = "<group>"; };
		3708240F245D0A8C0003E700 /* ViewController.swift */ = {isa = PBXFileReference; lastKnownFileType = sourcecode.swift; path = ViewController.swift; sourceTree = "<group>"; };
		37082412245D0A8C0003E700 /* Base */ = {isa = PBXFileReference; lastKnownFileType = file.storyboard; name = Base; path = Base.lproj/Main.storyboard; sourceTree = "<group>"; };
		37082414245D0A8F0003E700 /* Assets.xcassets */ = {isa = PBXFileReference; lastKnownFileType = folder.assetcatalog; path = Assets.xcassets; sourceTree = "<group>"; };
		37082417245D0A8F0003E700 /* Base */ = {isa = PBXFileReference; lastKnownFileType = file.storyboard; name = Base; path = Base.lproj/LaunchScreen.storyboard; sourceTree = "<group>"; };
		37082419245D0A8F0003E700 /* Info.plist */ = {isa = PBXFileReference; lastKnownFileType = text.plist.xml; path = Info.plist; sourceTree = "<group>"; };
		3708241C245D0A8F0003E700 /* Project37 WatchKit App.app */ = {isa = PBXFileReference; explicitFileType = wrapper.application; includeInIndex = 0; path = "Project37 WatchKit App.app"; sourceTree = BUILT_PRODUCTS_DIR; };
		37082422245D0A8F0003E700 /* Base */ = {isa = PBXFileReference; lastKnownFileType = file.storyboard; name = Base; path = Base.lproj/Interface.storyboard; sourceTree = "<group>"; };
		37082424245D0A8F0003E700 /* Assets.xcassets */ = {isa = PBXFileReference; lastKnownFileType = folder.assetcatalog; path = Assets.xcassets; sourceTree = "<group>"; };
		37082426245D0A900003E700 /* Info.plist */ = {isa = PBXFileReference; lastKnownFileType = text.plist.xml; path = Info.plist; sourceTree = "<group>"; };
		3708242B245D0A900003E700 /* Project37 WatchKit Extension.appex */ = {isa = PBXFileReference; explicitFileType = "wrapper.app-extension"; includeInIndex = 0; path = "Project37 WatchKit Extension.appex"; sourceTree = BUILT_PRODUCTS_DIR; };
		37082430245D0A900003E700 /* InterfaceController.swift */ = {isa = PBXFileReference; lastKnownFileType = sourcecode.swift; path = InterfaceController.swift; sourceTree = "<group>"; };
		37082432245D0A900003E700 /* ExtensionDelegate.swift */ = {isa = PBXFileReference; lastKnownFileType = sourcecode.swift; path = ExtensionDelegate.swift; sourceTree = "<group>"; };
		37082434245D0A900003E700 /* Assets.xcassets */ = {isa = PBXFileReference; lastKnownFileType = folder.assetcatalog; path = Assets.xcassets; sourceTree = "<group>"; };
		37082436245D0A900003E700 /* Info.plist */ = {isa = PBXFileReference; lastKnownFileType = text.plist.xml; path = Info.plist; sourceTree = "<group>"; };
		37082445245D0B160003E700 /* PhantomFromSpace.mp3 */ = {isa = PBXFileReference; lastKnownFileType = audio.mp3; path = PhantomFromSpace.mp3; sourceTree = "<group>"; };
		37082446245D0B160003E700 /* README.txt */ = {isa = PBXFileReference; fileEncoding = 4; lastKnownFileType = text; path = README.txt; sourceTree = "<group>"; };
		37082449245D12610003E700 /* CardViewController.swift */ = {isa = PBXFileReference; lastKnownFileType = sourcecode.swift; path = CardViewController.swift; sourceTree = "<group>"; };
/* End PBXFileReference section */

/* Begin PBXFrameworksBuildPhase section */
		37082407245D0A8C0003E700 /* Frameworks */ = {
			isa = PBXFrameworksBuildPhase;
			buildActionMask = 2147483647;
			files = (
			);
			runOnlyForDeploymentPostprocessing = 0;
		};
		37082428245D0A900003E700 /* Frameworks */ = {
			isa = PBXFrameworksBuildPhase;
			buildActionMask = 2147483647;
			files = (
			);
			runOnlyForDeploymentPostprocessing = 0;
		};
/* End PBXFrameworksBuildPhase section */

/* Begin PBXGroup section */
		37082401245D0A8C0003E700 = {
			isa = PBXGroup;
			children = (
				3708240C245D0A8C0003E700 /* Project37 */,
				37082420245D0A8F0003E700 /* Project37 WatchKit App */,
				3708242F245D0A900003E700 /* Project37 WatchKit Extension */,
				3708240B245D0A8C0003E700 /* Products */,
			);
			sourceTree = "<group>";
		};
		3708240B245D0A8C0003E700 /* Products */ = {
			isa = PBXGroup;
			children = (
				3708240A245D0A8C0003E700 /* Project37.app */,
				3708241C245D0A8F0003E700 /* Project37 WatchKit App.app */,
				3708242B245D0A900003E700 /* Project37 WatchKit Extension.appex */,
			);
			name = Products;
			sourceTree = "<group>";
		};
		3708240C245D0A8C0003E700 /* Project37 */ = {
			isa = PBXGroup;
			children = (
				3708240D245D0A8C0003E700 /* AppDelegate.swift */,
				3708240F245D0A8C0003E700 /* ViewController.swift */,
				37082411245D0A8C0003E700 /* Main.storyboard */,
				37082449245D12610003E700 /* CardViewController.swift */,
				37082414245D0A8F0003E700 /* Assets.xcassets */,
				37082416245D0A8F0003E700 /* LaunchScreen.storyboard */,
				37082419245D0A8F0003E700 /* Info.plist */,
				37082444245D0B160003E700 /* Content */,
			);
			path = Project37;
			sourceTree = "<group>";
		};
		37082420245D0A8F0003E700 /* Project37 WatchKit App */ = {
			isa = PBXGroup;
			children = (
				37082421245D0A8F0003E700 /* Interface.storyboard */,
				37082424245D0A8F0003E700 /* Assets.xcassets */,
				37082426245D0A900003E700 /* Info.plist */,
			);
			path = "Project37 WatchKit App";
			sourceTree = "<group>";
		};
		3708242F245D0A900003E700 /* Project37 WatchKit Extension */ = {
			isa = PBXGroup;
			children = (
				37082430245D0A900003E700 /* InterfaceController.swift */,
				37082432245D0A900003E700 /* ExtensionDelegate.swift */,
				37082434245D0A900003E700 /* Assets.xcassets */,
				37082436245D0A900003E700 /* Info.plist */,
			);
			path = "Project37 WatchKit Extension";
			sourceTree = "<group>";
		};
		37082444245D0B160003E700 /* Content */ = {
			isa = PBXGroup;
			children = (
				37082445245D0B160003E700 /* PhantomFromSpace.mp3 */,
				37082446245D0B160003E700 /* README.txt */,
			);
			path = Content;
			sourceTree = "<group>";
		};
/* End PBXGroup section */

/* Begin PBXNativeTarget section */
		37082409245D0A8C0003E700 /* Project37 */ = {
			isa = PBXNativeTarget;
			buildConfigurationList = 37082441245D0A900003E700 /* Build configuration list for PBXNativeTarget "Project37" */;
			buildPhases = (
				37082406245D0A8C0003E700 /* Sources */,
				37082407245D0A8C0003E700 /* Frameworks */,
				37082408245D0A8C0003E700 /* Resources */,
				37082440245D0A900003E700 /* Embed Watch Content */,
			);
			buildRules = (
			);
			dependencies = (
				3708241F245D0A8F0003E700 /* PBXTargetDependency */,
			);
			name = Project37;
			productName = Project37;
			productReference = 3708240A245D0A8C0003E700 /* Project37.app */;
			productType = "com.apple.product-type.application";
		};
		3708241B245D0A8F0003E700 /* Project37 WatchKit App */ = {
			isa = PBXNativeTarget;
			buildConfigurationList = 3708243D245D0A900003E700 /* Build configuration list for PBXNativeTarget "Project37 WatchKit App" */;
			buildPhases = (
				3708241A245D0A8F0003E700 /* Resources */,
				3708243C245D0A900003E700 /* Embed App Extensions */,
			);
			buildRules = (
			);
			dependencies = (
				3708242E245D0A900003E700 /* PBXTargetDependency */,
			);
			name = "Project37 WatchKit App";
			productName = "Project37 WatchKit App";
			productReference = 3708241C245D0A8F0003E700 /* Project37 WatchKit App.app */;
			productType = "com.apple.product-type.application.watchapp2";
		};
		3708242A245D0A900003E700 /* Project37 WatchKit Extension */ = {
			isa = PBXNativeTarget;
			buildConfigurationList = 37082439245D0A900003E700 /* Build configuration list for PBXNativeTarget "Project37 WatchKit Extension" */;
			buildPhases = (
				37082427245D0A900003E700 /* Sources */,
				37082428245D0A900003E700 /* Frameworks */,
				37082429245D0A900003E700 /* Resources */,
			);
			buildRules = (
			);
			dependencies = (
			);
			name = "Project37 WatchKit Extension";
			productName = "Project37 WatchKit Extension";
			productReference = 3708242B245D0A900003E700 /* Project37 WatchKit Extension.appex */;
			productType = "com.apple.product-type.watchkit2-extension";
		};
/* End PBXNativeTarget section */

/* Begin PBXProject section */
		37082402245D0A8C0003E700 /* Project object */ = {
			isa = PBXProject;
			attributes = {
				LastSwiftUpdateCheck = 1010;
				LastUpgradeCheck = 1010;
				ORGANIZATIONNAME = Dan;
				TargetAttributes = {
					37082409245D0A8C0003E700 = {
						CreatedOnToolsVersion = 10.1;
					};
					3708241B245D0A8F0003E700 = {
						CreatedOnToolsVersion = 10.1;
					};
					3708242A245D0A900003E700 = {
						CreatedOnToolsVersion = 10.1;
					};
				};
			};
			buildConfigurationList = 37082405245D0A8C0003E700 /* Build configuration list for PBXProject "Project37" */;
			compatibilityVersion = "Xcode 9.3";
			developmentRegion = en;
			hasScannedForEncodings = 0;
			knownRegions = (
				en,
				Base,
			);
			mainGroup = 37082401245D0A8C0003E700;
			productRefGroup = 3708240B245D0A8C0003E700 /* Products */;
			projectDirPath = "";
			projectRoot = "";
			targets = (
				37082409245D0A8C0003E700 /* Project37 */,
				3708241B245D0A8F0003E700 /* Project37 WatchKit App */,
				3708242A245D0A900003E700 /* Project37 WatchKit Extension */,
			);
		};
/* End PBXProject section */

/* Begin PBXResourcesBuildPhase section */
		37082408245D0A8C0003E700 /* Resources */ = {
			isa = PBXResourcesBuildPhase;
			buildActionMask = 2147483647;
			files = (
				37082418245D0A8F0003E700 /* LaunchScreen.storyboard in Resources */,
				37082415245D0A8F0003E700 /* Assets.xcassets in Resources */,
				37082413245D0A8C0003E700 /* Main.storyboard in Resources */,
			);
			runOnlyForDeploymentPostprocessing = 0;
		};
		3708241A245D0A8F0003E700 /* Resources */ = {
			isa = PBXResourcesBuildPhase;
			buildActionMask = 2147483647;
			files = (
				37082425245D0A8F0003E700 /* Assets.xcassets in Resources */,
				37082423245D0A8F0003E700 /* Interface.storyboard in Resources */,
			);
			runOnlyForDeploymentPostprocessing = 0;
		};
		37082429245D0A900003E700 /* Resources */ = {
			isa = PBXResourcesBuildPhase;
			buildActionMask = 2147483647;
			files = (
				37082435245D0A900003E700 /* Assets.xcassets in Resources */,
				37082448245D0B160003E700 /* README.txt in Resources */,
				37082447245D0B160003E700 /* PhantomFromSpace.mp3 in Resources */,
			);
			runOnlyForDeploymentPostprocessing = 0;
		};
/* End PBXResourcesBuildPhase section */

/* Begin PBXSourcesBuildPhase section */
		37082406245D0A8C0003E700 /* Sources */ = {
			isa = PBXSourcesBuildPhase;
			buildActionMask = 2147483647;
			files = (
				37082410245D0A8C0003E700 /* ViewController.swift in Sources */,
				3708240E245D0A8C0003E700 /* AppDelegate.swift in Sources */,
				3708244A245D12610003E700 /* CardViewController.swift in Sources */,
			);
			runOnlyForDeploymentPostprocessing = 0;
		};
		37082427245D0A900003E700 /* Sources */ = {
			isa = PBXSourcesBuildPhase;
			buildActionMask = 2147483647;
			files = (
				37082433245D0A900003E700 /* ExtensionDelegate.swift in Sources */,
				37082431245D0A900003E700 /* InterfaceController.swift in Sources */,
			);
			runOnlyForDeploymentPostprocessing = 0;
		};
/* End PBXSourcesBuildPhase section */

/* Begin PBXTargetDependency section */
		3708241F245D0A8F0003E700 /* PBXTargetDependency */ = {
			isa = PBXTargetDependency;
			target = 3708241B245D0A8F0003E700 /* Project37 WatchKit App */;
			targetProxy = 3708241E245D0A8F0003E700 /* PBXContainerItemProxy */;
		};
		3708242E245D0A900003E700 /* PBXTargetDependency */ = {
			isa = PBXTargetDependency;
			target = 3708242A245D0A900003E700 /* Project37 WatchKit Extension */;
			targetProxy = 3708242D245D0A900003E700 /* PBXContainerItemProxy */;
		};
/* End PBXTargetDependency section */

/* Begin PBXVariantGroup section */
		37082411245D0A8C0003E700 /* Main.storyboard */ = {
			isa = PBXVariantGroup;
			children = (
				37082412245D0A8C0003E700 /* Base */,
			);
			name = Main.storyboard;
			sourceTree = "<group>";
		};
		37082416245D0A8F0003E700 /* LaunchScreen.storyboard */ = {
			isa = PBXVariantGroup;
			children = (
				37082417245D0A8F0003E700 /* Base */,
			);
			name = LaunchScreen.storyboard;
			sourceTree = "<group>";
		};
		37082421245D0A8F0003E700 /* Interface.storyboard */ = {
			isa = PBXVariantGroup;
			children = (
				37082422245D0A8F0003E700 /* Base */,
			);
			name = Interface.storyboard;
			sourceTree = "<group>";
		};
/* End PBXVariantGroup section */

/* Begin XCBuildConfiguration section */
		37082437245D0A900003E700 /* Debug */ = {
			isa = XCBuildConfiguration;
			buildSettings = {
				ALWAYS_SEARCH_USER_PATHS = NO;
				CLANG_ANALYZER_NONNULL = YES;
				CLANG_ANALYZER_NUMBER_OBJECT_CONVERSION = YES_AGGRESSIVE;
				CLANG_CXX_LANGUAGE_STANDARD = "gnu++14";
				CLANG_CXX_LIBRARY = "libc++";
				CLANG_ENABLE_MODULES = YES;
				CLANG_ENABLE_OBJC_ARC = YES;
				CLANG_ENABLE_OBJC_WEAK = YES;
				CLANG_WARN_BLOCK_CAPTURE_AUTORELEASING = YES;
				CLANG_WARN_BOOL_CONVERSION = YES;
				CLANG_WARN_COMMA = YES;
				CLANG_WARN_CONSTANT_CONVERSION = YES;
				CLANG_WARN_DEPRECATED_OBJC_IMPLEMENTATIONS = YES;
				CLANG_WARN_DIRECT_OBJC_ISA_USAGE = YES_ERROR;
				CLANG_WARN_DOCUMENTATION_COMMENTS = YES;
				CLANG_WARN_EMPTY_BODY = YES;
				CLANG_WARN_ENUM_CONVERSION = YES;
				CLANG_WARN_INFINITE_RECURSION = YES;
				CLANG_WARN_INT_CONVERSION = YES;
				CLANG_WARN_NON_LITERAL_NULL_CONVERSION = YES;
				CLANG_WARN_OBJC_IMPLICIT_RETAIN_SELF = YES;
				CLANG_WARN_OBJC_LITERAL_CONVERSION = YES;
				CLANG_WARN_OBJC_ROOT_CLASS = YES_ERROR;
				CLANG_WARN_RANGE_LOOP_ANALYSIS = YES;
				CLANG_WARN_STRICT_PROTOTYPES = YES;
				CLANG_WARN_SUSPICIOUS_MOVE = YES;
				CLANG_WARN_UNGUARDED_AVAILABILITY = YES_AGGRESSIVE;
				CLANG_WARN_UNREACHABLE_CODE = YES;
				CLANG_WARN__DUPLICATE_METHOD_MATCH = YES;
				CODE_SIGN_IDENTITY = "iPhone Developer";
				COPY_PHASE_STRIP = NO;
				DEBUG_INFORMATION_FORMAT = dwarf;
				ENABLE_STRICT_OBJC_MSGSEND = YES;
				ENABLE_TESTABILITY = YES;
				GCC_C_LANGUAGE_STANDARD = gnu11;
				GCC_DYNAMIC_NO_PIC = NO;
				GCC_NO_COMMON_BLOCKS = YES;
				GCC_OPTIMIZATION_LEVEL = 0;
				GCC_PREPROCESSOR_DEFINITIONS = (
					"DEBUG=1",
					"$(inherited)",
				);
				GCC_WARN_64_TO_32_BIT_CONVERSION = YES;
				GCC_WARN_ABOUT_RETURN_TYPE = YES_ERROR;
				GCC_WARN_UNDECLARED_SELECTOR = YES;
				GCC_WARN_UNINITIALIZED_AUTOS = YES_AGGRESSIVE;
				GCC_WARN_UNUSED_FUNCTION = YES;
				GCC_WARN_UNUSED_VARIABLE = YES;
				IPHONEOS_DEPLOYMENT_TARGET = 12.1;
				MTL_ENABLE_DEBUG_INFO = INCLUDE_SOURCE;
				MTL_FAST_MATH = YES;
				ONLY_ACTIVE_ARCH = YES;
				SDKROOT = iphoneos;
				SWIFT_ACTIVE_COMPILATION_CONDITIONS = DEBUG;
				SWIFT_OPTIMIZATION_LEVEL = "-Onone";
			};
			name = Debug;
		};
		37082438245D0A900003E700 /* Release */ = {
			isa = XCBuildConfiguration;
			buildSettings = {
				ALWAYS_SEARCH_USER_PATHS = NO;
				CLANG_ANALYZER_NONNULL = YES;
				CLANG_ANALYZER_NUMBER_OBJECT_CONVERSION = YES_AGGRESSIVE;
				CLANG_CXX_LANGUAGE_STANDARD = "gnu++14";
				CLANG_CXX_LIBRARY = "libc++";
				CLANG_ENABLE_MODULES = YES;
				CLANG_ENABLE_OBJC_ARC = YES;
				CLANG_ENABLE_OBJC_WEAK = YES;
				CLANG_WARN_BLOCK_CAPTURE_AUTORELEASING = YES;
				CLANG_WARN_BOOL_CONVERSION = YES;
				CLANG_WARN_COMMA = YES;
				CLANG_WARN_CONSTANT_CONVERSION = YES;
				CLANG_WARN_DEPRECATED_OBJC_IMPLEMENTATIONS = YES;
				CLANG_WARN_DIRECT_OBJC_ISA_USAGE = YES_ERROR;
				CLANG_WARN_DOCUMENTATION_COMMENTS = YES;
				CLANG_WARN_EMPTY_BODY = YES;
				CLANG_WARN_ENUM_CONVERSION = YES;
				CLANG_WARN_INFINITE_RECURSION = YES;
				CLANG_WARN_INT_CONVERSION = YES;
				CLANG_WARN_NON_LITERAL_NULL_CONVERSION = YES;
				CLANG_WARN_OBJC_IMPLICIT_RETAIN_SELF = YES;
				CLANG_WARN_OBJC_LITERAL_CONVERSION = YES;
				CLANG_WARN_OBJC_ROOT_CLASS = YES_ERROR;
				CLANG_WARN_RANGE_LOOP_ANALYSIS = YES;
				CLANG_WARN_STRICT_PROTOTYPES = YES;
				CLANG_WARN_SUSPICIOUS_MOVE = YES;
				CLANG_WARN_UNGUARDED_AVAILABILITY = YES_AGGRESSIVE;
				CLANG_WARN_UNREACHABLE_CODE = YES;
				CLANG_WARN__DUPLICATE_METHOD_MATCH = YES;
				CODE_SIGN_IDENTITY = "iPhone Developer";
				COPY_PHASE_STRIP = NO;
				DEBUG_INFORMATION_FORMAT = "dwarf-with-dsym";
				ENABLE_NS_ASSERTIONS = NO;
				ENABLE_STRICT_OBJC_MSGSEND = YES;
				GCC_C_LANGUAGE_STANDARD = gnu11;
				GCC_NO_COMMON_BLOCKS = YES;
				GCC_WARN_64_TO_32_BIT_CONVERSION = YES;
				GCC_WARN_ABOUT_RETURN_TYPE = YES_ERROR;
				GCC_WARN_UNDECLARED_SELECTOR = YES;
				GCC_WARN_UNINITIALIZED_AUTOS = YES_AGGRESSIVE;
				GCC_WARN_UNUSED_FUNCTION = YES;
				GCC_WARN_UNUSED_VARIABLE = YES;
				IPHONEOS_DEPLOYMENT_TARGET = 12.1;
				MTL_ENABLE_DEBUG_INFO = NO;
				MTL_FAST_MATH = YES;
				SDKROOT = iphoneos;
				SWIFT_COMPILATION_MODE = wholemodule;
				SWIFT_OPTIMIZATION_LEVEL = "-O";
				VALIDATE_PRODUCT = YES;
			};
			name = Release;
		};
		3708243A245D0A900003E700 /* Debug */ = {
			isa = XCBuildConfiguration;
			buildSettings = {
				ASSETCATALOG_COMPILER_COMPLICATION_NAME = Complication;
				CODE_SIGN_STYLE = Automatic;
				DEVELOPMENT_TEAM = 5Q2QNA9B7C;
				INFOPLIST_FILE = "Project37 WatchKit Extension/Info.plist";
				LD_RUNPATH_SEARCH_PATHS = (
					"$(inherited)",
					"@executable_path/Frameworks",
					"@executable_path/../../Frameworks",
				);
				PRODUCT_BUNDLE_IDENTIFIER = com.dxzdb.Project37.watchkitapp.watchkitextension;
				PRODUCT_NAME = "${TARGET_NAME}";
				SDKROOT = watchos;
				SKIP_INSTALL = YES;
				SWIFT_VERSION = 4.2;
				TARGETED_DEVICE_FAMILY = 4;
				WATCHOS_DEPLOYMENT_TARGET = 5.1;
			};
			name = Debug;
		};
		3708243B245D0A900003E700 /* Release */ = {
			isa = XCBuildConfiguration;
			buildSettings = {
				ASSETCATALOG_COMPILER_COMPLICATION_NAME = Complication;
				CODE_SIGN_STYLE = Automatic;
				DEVELOPMENT_TEAM = 5Q2QNA9B7C;
				INFOPLIST_FILE = "Project37 WatchKit Extension/Info.plist";
				LD_RUNPATH_SEARCH_PATHS = (
					"$(inherited)",
					"@executable_path/Frameworks",
					"@executable_path/../../Frameworks",
				);
				PRODUCT_BUNDLE_IDENTIFIER = com.dxzdb.Project37.watchkitapp.watchkitextension;
				PRODUCT_NAME = "${TARGET_NAME}";
				SDKROOT = watchos;
				SKIP_INSTALL = YES;
				SWIFT_VERSION = 4.2;
				TARGETED_DEVICE_FAMILY = 4;
				WATCHOS_DEPLOYMENT_TARGET = 5.1;
			};
			name = Release;
		};
		3708243E245D0A900003E700 /* Debug */ = {
			isa = XCBuildConfiguration;
			buildSettings = {
				ALWAYS_EMBED_SWIFT_STANDARD_LIBRARIES = YES;
				ASSETCATALOG_COMPILER_APPICON_NAME = AppIcon;
				CODE_SIGN_STYLE = Automatic;
				DEVELOPMENT_TEAM = 5Q2QNA9B7C;
				IBSC_MODULE = Project37_WatchKit_Extension;
				INFOPLIST_FILE = "Project37 WatchKit App/Info.plist";
				PRODUCT_BUNDLE_IDENTIFIER = com.dxzdb.Project37.watchkitapp;
				PRODUCT_NAME = "$(TARGET_NAME)";
				SDKROOT = watchos;
				SKIP_INSTALL = YES;
				SWIFT_VERSION = 4.2;
				TARGETED_DEVICE_FAMILY = 4;
				WATCHOS_DEPLOYMENT_TARGET = 5.1;
			};
			name = Debug;
		};
		3708243F245D0A900003E700 /* Release */ = {
			isa = XCBuildConfiguration;
			buildSettings = {
				ALWAYS_EMBED_SWIFT_STANDARD_LIBRARIES = YES;
				ASSETCATALOG_COMPILER_APPICON_NAME = AppIcon;
				CODE_SIGN_STYLE = Automatic;
				DEVELOPMENT_TEAM = 5Q2QNA9B7C;
				IBSC_MODULE = Project37_WatchKit_Extension;
				INFOPLIST_FILE = "Project37 WatchKit App/Info.plist";
				PRODUCT_BUNDLE_IDENTIFIER = com.dxzdb.Project37.watchkitapp;
				PRODUCT_NAME = "$(TARGET_NAME)";
				SDKROOT = watchos;
				SKIP_INSTALL = YES;
				SWIFT_VERSION = 4.2;
				TARGETED_DEVICE_FAMILY = 4;
				WATCHOS_DEPLOYMENT_TARGET = 5.1;
			};
			name = Release;
		};
		37082442245D0A900003E700 /* Debug */ = {
			isa = XCBuildConfiguration;
			buildSettings = {
				ASSETCATALOG_COMPILER_APPICON_NAME = AppIcon;
				CODE_SIGN_STYLE = Automatic;
				DEVELOPMENT_TEAM = 5Q2QNA9B7C;
				INFOPLIST_FILE = Project37/Info.plist;
				LD_RUNPATH_SEARCH_PATHS = (
					"$(inherited)",
					"@executable_path/Frameworks",
				);
				PRODUCT_BUNDLE_IDENTIFIER = com.dxzdb.Project37;
				PRODUCT_NAME = "$(TARGET_NAME)";
				SWIFT_VERSION = 4.2;
				TARGETED_DEVICE_FAMILY = 1;
			};
			name = Debug;
		};
		37082443245D0A900003E700 /* Release */ = {
			isa = XCBuildConfiguration;
			buildSettings = {
				ASSETCATALOG_COMPILER_APPICON_NAME = AppIcon;
				CODE_SIGN_STYLE = Automatic;
				DEVELOPMENT_TEAM = 5Q2QNA9B7C;
				INFOPLIST_FILE = Project37/Info.plist;
				LD_RUNPATH_SEARCH_PATHS = (
					"$(inherited)",
					"@executable_path/Frameworks",
				);
				PRODUCT_BUNDLE_IDENTIFIER = com.dxzdb.Project37;
				PRODUCT_NAME = "$(TARGET_NAME)";
				SWIFT_VERSION = 4.2;
				TARGETED_DEVICE_FAMILY = 1;
			};
			name = Release;
		};
/* End XCBuildConfiguration section */

/* Begin XCConfigurationList section */
		37082405245D0A8C0003E700 /* Build configuration list for PBXProject "Project37" */ = {
			isa = XCConfigurationList;
			buildConfigurations = (
				37082437245D0A900003E700 /* Debug */,
				37082438245D0A900003E700 /* Release */,
			);
			defaultConfigurationIsVisible = 0;
			defaultConfigurationName = Release;
		};
		37082439245D0A900003E700 /* Build configuration list for PBXNativeTarget "Project37 WatchKit Extension" */ = {
			isa = XCConfigurationList;
			buildConfigurations = (
				3708243A245D0A900003E700 /* Debug */,
				3708243B245D0A900003E700 /* Release */,
			);
			defaultConfigurationIsVisible = 0;
			defaultConfigurationName = Release;
		};
		3708243D245D0A900003E700 /* Build configuration list for PBXNativeTarget "Project37 WatchKit App" */ = {
			isa = XCConfigurationList;
			buildConfigurations = (
				3708243E245D0A900003E700 /* Debug */,
				3708243F245D0A900003E700 /* Release */,
			);
			defaultConfigurationIsVisible = 0;
			defaultConfigurationName = Release;
		};
		37082441245D0A900003E700 /* Build configuration list for PBXNativeTarget "Project37" */ = {
			isa = XCConfigurationList;
			buildConfigurations = (
				37082442245D0A900003E700 /* Debug */,
				37082443245D0A900003E700 /* Release */,
			);
			defaultConfigurationIsVisible = 0;
			defaultConfigurationName = Release;
		};
/* End XCConfigurationList section */
	};
	rootObject = 37082402245D0A8C0003E700 /* Project object */;
}
